{
  "pins" : [
    {
      "identity" : "forgebase",
      "kind" : "remoteSourceControl",
      "location" : "https://github.com/CoderQuinn/ForgeBase.git",
      "state" : {
        "revision" : "d1f6656ef8f674277484ca54237a0eeb40c8b3c3",
        "version" : "0.3.0"
      }
    }
  ],
  "version" : 2
}
