{
  "pins" : [
    {
      "identity" : "forgebase",
      "kind" : "remoteSourceControl",
      "location" : "https://github.com/CoderQuinn/ForgeBase.git",
      "state" : {
        "revision" : "c00dc3d628e3375919d3b176e70d72c91d260a6e",
        "version" : "0.2.1"
      }
    }
  ],
  "version" : 2
}
